# This file is autogenerated, do not edit; changes may be undone by the next 'dep ensure'.


[[projects]]
  branch = "master"
  digest = "1:c198fdc381e898e8fb62b8eb62758195091c313ad18e52a3067366e1dda2fb3c"
  name = "github.com/alecthomas/units"
  packages = ["."]
  pruneopts = "UT"
  revision = "2efee857e7cfd4f3d0138cc3cbb1b4966962b93a"

[[projects]]
  digest = "1:c72c7565e3da8985bc69dd1e3d34a4a0dbc5ccad4d11210d3fce9e3394f6fd4b"
  name = "github.com/apple/foundationdb"
  packages = [
    "bindings/go/src/fdb",
    "bindings/go/src/fdb/directory",
    "bindings/go/src/fdb/subspace",
    "bindings/go/src/fdb/tuple",
  ]
  pruneopts = "UT"
  revision = "48d84faa3e6174deb7f852ef4d314f7bad1dfa57"
  version = "6.0.18"

[[projects]]
  branch = "master"
  digest = "1:a067f49ff1ac7d94e11876d371e38606f6d2831391ba59d62529f80322769b78"
  name = "github.com/meln1k/buse-go"
  packages = ["buse"]
  pruneopts = "UT"
  revision = "9d72deab4abc8e04da5820d13722dcf512a1afa0"

[[projects]]
  digest = "1:b24d38b282bacf9791408a080f606370efa3d364e4b5fd9ba0f7b87786d3b679"
  name = "github.com/urfave/cli"
  packages = ["."]
  pruneopts = "UT"
  revision = "cfb38830724cc34fedffe9a2a29fb54fa9169cd1"
  version = "v1.20.0"

[solve-meta]
  analyzer-name = "dep"
  analyzer-version = 1
  input-imports = [
    "github.com/alecthomas/units",
    "github.com/apple/foundationdb/bindings/go/src/fdb",
    "github.com/apple/foundationdb/bindings/go/src/fdb/directory",
    "github.com/apple/foundationdb/bindings/go/src/fdb/tuple",
    "github.com/meln1k/buse-go/buse",
    "github.com/urfave/cli",
  ]
  solver-name = "gps-cdcl"
  solver-version = 1
